// !$*UTF8*$!
{
	archiveVersion = 1;
	classes = {
	};
	objectVersion = 56;
	objects = {

/* Begin PBXBuildFile section */
		BA9E22F92A1F802200A539D5 /* AppDelegate.swift in Sources */ = {isa = PBXBuildFile; fileRef = BA9E22F82A1F802200A539D5 /* AppDelegate.swift */; };
		BA9E22FB2A1F802200A539D5 /* SceneDelegate.swift in Sources */ = {isa = PBXBuildFile; fileRef = BA9E22FA2A1F802200A539D5 /* SceneDelegate.swift */; };
		BA9E22FD2A1F802200A539D5 /* ViewController.swift in Sources */ = {isa = PBXBuildFile; fileRef = BA9E22FC2A1F802200A539D5 /* ViewController.swift */; };
		BA9E23002A1F802200A539D5 /* Main.storyboard in Resources */ = {isa = PBXBuildFile; fileRef = BA9E22FE2A1F802200A539D5 /* Main.storyboard */; };
		BA9E23022A1F802300A539D5 /* Assets.xcassets in Resources */ = {isa = PBXBuildFile; fileRef = BA9E23012A1F802300A539D5 /* Assets.xcassets */; };
		BA9E23052A1F802300A539D5 /* LaunchScreen.storyboard in Resources */ = {isa = PBXBuildFile; fileRef = BA9E23032A1F802300A539D5 /* LaunchScreen.storyboard */; };
		BA9E230E2A1F809E00A539D5 /* RIBs in Frameworks */ = {isa = PBXBuildFile; productRef = BA9E230D2A1F809E00A539D5 /* RIBs */; };
		BA9E23112A1F813400A539D5 /* AppComponent.swift in Sources */ = {isa = PBXBuildFile; fileRef = BA9E23102A1F813400A539D5 /* AppComponent.swift */; };
		BA9E23142A1F81EF00A539D5 /* RootDependency.swift in Sources */ = {isa = PBXBuildFile; fileRef = BA9E23132A1F81EF00A539D5 /* RootDependency.swift */; };
		BA9E23162A1F8C6300A539D5 /* RootComponent+LoggedOut.swift in Sources */ = {isa = PBXBuildFile; fileRef = BA9E23152A1F8C6300A539D5 /* RootComponent+LoggedOut.swift */; };
		BA9E23182A1F8D2800A539D5 /* RootInteractor.swift in Sources */ = {isa = PBXBuildFile; fileRef = BA9E23172A1F8D2800A539D5 /* RootInteractor.swift */; };
/* End PBXBuildFile section */

/* Begin PBXFileReference section */
		BA9E22F52A1F802200A539D5 /* RIBs_Example01.app */ = {isa = PBXFileReference; explicitFileType = wrapper.application; includeInIndex = 0; path = RIBs_Example01.app; sourceTree = BUILT_PRODUCTS_DIR; };
		BA9E22F82A1F802200A539D5 /* AppDelegate.swift */ = {isa = PBXFileReference; lastKnownFileType = sourcecode.swift; path = AppDelegate.swift; sourceTree = "<group>"; };
		BA9E22FA2A1F802200A539D5 /* SceneDelegate.swift */ = {isa = PBXFileReference; lastKnownFileType = sourcecode.swift; path = SceneDelegate.swift; sourceTree = "<group>"; };
		BA9E22FC2A1F802200A539D5 /* ViewController.swift */ = {isa = PBXFileReference; lastKnownFileType = sourcecode.swift; path = ViewController.swift; sourceTree = "<group>"; };
		BA9E22FF2A1F802200A539D5 /* Base */ = {isa = PBXFileReference; lastKnownFileType = file.storyboard; name = Base; path = Base.lproj/Main.storyboard; sourceTree = "<group>"; };
		BA9E23012A1F802300A539D5 /* Assets.xcassets */ = {isa = PBXFileReference; lastKnownFileType = folder.assetcatalog; path = Assets.xcassets; sourceTree = "<group>"; };
		BA9E23042A1F802300A539D5 /* Base */ = {isa = PBXFileReference; lastKnownFileType = file.storyboard; name = Base; path = Base.lproj/LaunchScreen.storyboard; sourceTree = "<group>"; };
		BA9E23062A1F802300A539D5 /* Info.plist */ = {isa = PBXFileReference; lastKnownFileType = text.plist.xml; path = Info.plist; sourceTree = "<group>"; };
		BA9E23102A1F813400A539D5 /* AppComponent.swift */ = {isa = PBXFileReference; lastKnownFileType = sourcecode.swift; path = AppComponent.swift; sourceTree = "<group>"; };
		BA9E23132A1F81EF00A539D5 /* RootDependency.swift */ = {isa = PBXFileReference; lastKnownFileType = sourcecode.swift; path = RootDependency.swift; sourceTree = "<group>"; };
		BA9E23152A1F8C6300A539D5 /* RootComponent+LoggedOut.swift */ = {isa = PBXFileReference; lastKnownFileType = sourcecode.swift; path = "RootComponent+LoggedOut.swift"; sourceTree = "<group>"; };
		BA9E23172A1F8D2800A539D5 /* RootInteractor.swift */ = {isa = PBXFileReference; lastKnownFileType = sourcecode.swift; path = RootInteractor.swift; sourceTree = "<group>"; };
/* End PBXFileReference section */

/* Begin PBXFrameworksBuildPhase section */
		BA9E22F22A1F802200A539D5 /* Frameworks */ = {
			isa = PBXFrameworksBuildPhase;
			buildActionMask = 2147483647;
			files = (
				BA9E230E2A1F809E00A539D5 /* RIBs in Frameworks */,
			);
			runOnlyForDeploymentPostprocessing = 0;
		};
/* End PBXFrameworksBuildPhase section */

/* Begin PBXGroup section */
		BA9E22EC2A1F802200A539D5 = {
			isa = PBXGroup;
			children = (
				BA9E22F72A1F802200A539D5 /* RIBs_Example01 */,
				BA9E22F62A1F802200A539D5 /* Products */,
			);
			sourceTree = "<group>";
		};
		BA9E22F62A1F802200A539D5 /* Products */ = {
			isa = PBXGroup;
			children = (
				BA9E22F52A1F802200A539D5 /* RIBs_Example01.app */,
			);
			name = Products;
			sourceTree = "<group>";
		};
		BA9E22F72A1F802200A539D5 /* RIBs_Example01 */ = {
			isa = PBXGroup;
			children = (
				BA9E23122A1F81E900A539D5 /* Root */,
				BA9E230F2A1F811800A539D5 /* AppStart */,
				BA9E22FC2A1F802200A539D5 /* ViewController.swift */,
				BA9E22FE2A1F802200A539D5 /* Main.storyboard */,
				BA9E23012A1F802300A539D5 /* Assets.xcassets */,
				BA9E23032A1F802300A539D5 /* LaunchScreen.storyboard */,
				BA9E23062A1F802300A539D5 /* Info.plist */,
			);
			path = RIBs_Example01;
			sourceTree = "<group>";
		};
		BA9E230F2A1F811800A539D5 /* AppStart */ = {
			isa = PBXGroup;
			children = (
				BA9E23102A1F813400A539D5 /* AppComponent.swift */,
				BA9E22F82A1F802200A539D5 /* AppDelegate.swift */,
				BA9E22FA2A1F802200A539D5 /* SceneDelegate.swift */,
			);
			path = AppStart;
			sourceTree = "<group>";
		};
		BA9E23122A1F81E900A539D5 /* Root */ = {
			isa = PBXGroup;
			children = (
				BA9E23132A1F81EF00A539D5 /* RootDependency.swift */,
				BA9E23152A1F8C6300A539D5 /* RootComponent+LoggedOut.swift */,
				BA9E23172A1F8D2800A539D5 /* RootInteractor.swift */,
			);
			path = Root;
			sourceTree = "<group>";
		};
/* End PBXGroup section */

/* Begin PBXNativeTarget section */
		BA9E22F42A1F802200A539D5 /* RIBs_Example01 */ = {
			isa = PBXNativeTarget;
			buildConfigurationList = BA9E23092A1F802300A539D5 /* Build configuration list for PBXNativeTarget "RIBs_Example01" */;
			buildPhases = (
				BA9E22F12A1F802200A539D5 /* Sources */,
				BA9E22F22A1F802200A539D5 /* Frameworks */,
				BA9E22F32A1F802200A539D5 /* Resources */,
			);
			buildRules = (
			);
			dependencies = (
			);
			name = RIBs_Example01;
			packageProductDependencies = (
				BA9E230D2A1F809E00A539D5 /* RIBs */,
			);
			productName = RIBs_Example01;
			productReference = BA9E22F52A1F802200A539D5 /* RIBs_Example01.app */;
			productType = "com.apple.product-type.application";
		};
/* End PBXNativeTarget section */

/* Begin PBXProject section */
		BA9E22ED2A1F802200A539D5 /* Project object */ = {
			isa = PBXProject;
			attributes = {
				BuildIndependentTargetsInParallel = 1;
				LastSwiftUpdateCheck = 1420;
				LastUpgradeCheck = 1420;
				TargetAttributes = {
					BA9E22F42A1F802200A539D5 = {
						CreatedOnToolsVersion = 14.2;
					};
				};
			};
			buildConfigurationList = BA9E22F02A1F802200A539D5 /* Build configuration list for PBXProject "RIBs_Example01" */;
			compatibilityVersion = "Xcode 14.0";
			developmentRegion = en;
			hasScannedForEncodings = 0;
			knownRegions = (
				en,
				Base,
			);
			mainGroup = BA9E22EC2A1F802200A539D5;
			packageReferences = (
				BA9E230C2A1F809E00A539D5 /* XCRemoteSwiftPackageReference "RIBs" */,
			);
			productRefGroup = BA9E22F62A1F802200A539D5 /* Products */;
			projectDirPath = "";
			projectRoot = "";
			targets = (
				BA9E22F42A1F802200A539D5 /* RIBs_Example01 */,
			);
		};
/* End PBXProject section */

/* Begin PBXResourcesBuildPhase section */
		BA9E22F32A1F802200A539D5 /* Resources */ = {
			isa = PBXResourcesBuildPhase;
			buildActionMask = 2147483647;
			files = (
				BA9E23052A1F802300A539D5 /* LaunchScreen.storyboard in Resources */,
				BA9E23022A1F802300A539D5 /* Assets.xcassets in Resources */,
				BA9E23002A1F802200A539D5 /* Main.storyboard in Resources */,
			);
			runOnlyForDeploymentPostprocessing = 0;
		};
/* End PBXResourcesBuildPhase section */

/* Begin PBXSourcesBuildPhase section */
		BA9E22F12A1F802200A539D5 /* Sources */ = {
			isa = PBXSourcesBuildPhase;
			buildActionMask = 2147483647;
			files = (
				BA9E23142A1F81EF00A539D5 /* RootDependency.swift in Sources */,
				BA9E22FD2A1F802200A539D5 /* ViewController.swift in Sources */,
				BA9E23182A1F8D2800A539D5 /* RootInteractor.swift in Sources */,
				BA9E23112A1F813400A539D5 /* AppComponent.swift in Sources */,
				BA9E22F92A1F802200A539D5 /* AppDelegate.swift in Sources */,
				BA9E23162A1F8C6300A539D5 /* RootComponent+LoggedOut.swift in Sources */,
				BA9E22FB2A1F802200A539D5 /* SceneDelegate.swift in Sources */,
			);
			runOnlyForDeploymentPostprocessing = 0;
		};
/* End PBXSourcesBuildPhase section */

/* Begin PBXVariantGroup section */
		BA9E22FE2A1F802200A539D5 /* Main.storyboard */ = {
			isa = PBXVariantGroup;
			children = (
				BA9E22FF2A1F802200A539D5 /* Base */,
			);
			name = Main.storyboard;
			sourceTree = "<group>";
		};
		BA9E23032A1F802300A539D5 /* LaunchScreen.storyboard */ = {
			isa = PBXVariantGroup;
			children = (
				BA9E23042A1F802300A539D5 /* Base */,
			);
			name = LaunchScreen.storyboard;
			sourceTree = "<group>";
		};
/* End PBXVariantGroup section */

/* Begin XCBuildConfiguration section */
		BA9E23072A1F802300A539D5 /* Debug */ = {
			isa = XCBuildConfiguration;
			buildSettings = {
				ALWAYS_SEARCH_USER_PATHS = NO;
				CLANG_ANALYZER_NONNULL = YES;
				CLANG_ANALYZER_NUMBER_OBJECT_CONVERSION = YES_AGGRESSIVE;
				CLANG_CXX_LANGUAGE_STANDARD = "gnu++20";
				CLANG_ENABLE_MODULES = YES;
				CLANG_ENABLE_OBJC_ARC = YES;
				CLANG_ENABLE_OBJC_WEAK = YES;
				CLANG_WARN_BLOCK_CAPTURE_AUTORELEASING = YES;
				CLANG_WARN_BOOL_CONVERSION = YES;
				CLANG_WARN_COMMA = YES;
				CLANG_WARN_CONSTANT_CONVERSION = YES;
				CLANG_WARN_DEPRECATED_OBJC_IMPLEMENTATIONS = YES;
				CLANG_WARN_DIRECT_OBJC_ISA_USAGE = YES_ERROR;
				CLANG_WARN_DOCUMENTATION_COMMENTS = YES;
				CLANG_WARN_EMPTY_BODY = YES;
				CLANG_WARN_ENUM_CONVERSION = YES;
				CLANG_WARN_INFINITE_RECURSION = YES;
				CLANG_WARN_INT_CONVERSION = YES;
				CLANG_WARN_NON_LITERAL_NULL_CONVERSION = YES;
				CLANG_WARN_OBJC_IMPLICIT_RETAIN_SELF = YES;
				CLANG_WARN_OBJC_LITERAL_CONVERSION = YES;
				CLANG_WARN_OBJC_ROOT_CLASS = YES_ERROR;
				CLANG_WARN_QUOTED_INCLUDE_IN_FRAMEWORK_HEADER = YES;
				CLANG_WARN_RANGE_LOOP_ANALYSIS = YES;
				CLANG_WARN_STRICT_PROTOTYPES = YES;
				CLANG_WARN_SUSPICIOUS_MOVE = YES;
				CLANG_WARN_UNGUARDED_AVAILABILITY = YES_AGGRESSIVE;
				CLANG_WARN_UNREACHABLE_CODE = YES;
				CLANG_WARN__DUPLICATE_METHOD_MATCH = YES;
				COPY_PHASE_STRIP = NO;
				DEBUG_INFORMATION_FORMAT = dwarf;
				ENABLE_STRICT_OBJC_MSGSEND = YES;
				ENABLE_TESTABILITY = YES;
				GCC_C_LANGUAGE_STANDARD = gnu11;
				GCC_DYNAMIC_NO_PIC = NO;
				GCC_NO_COMMON_BLOCKS = YES;
				GCC_OPTIMIZATION_LEVEL = 0;
				GCC_PREPROCESSOR_DEFINITIONS = (
					"DEBUG=1",
					"$(inherited)",
				);
				GCC_WARN_64_TO_32_BIT_CONVERSION = YES;
				GCC_WARN_ABOUT_RETURN_TYPE = YES_ERROR;
				GCC_WARN_UNDECLARED_SELECTOR = YES;
				GCC_WARN_UNINITIALIZED_AUTOS = YES_AGGRESSIVE;
				GCC_WARN_UNUSED_FUNCTION = YES;
				GCC_WARN_UNUSED_VARIABLE = YES;
				IPHONEOS_DEPLOYMENT_TARGET = 14.0;
				MTL_ENABLE_DEBUG_INFO = INCLUDE_SOURCE;
				MTL_FAST_MATH = YES;
				ONLY_ACTIVE_ARCH = YES;
				SDKROOT = iphoneos;
				SWIFT_ACTIVE_COMPILATION_CONDITIONS = DEBUG;
				SWIFT_OPTIMIZATION_LEVEL = "-Onone";
			};
			name = Debug;
		};
		BA9E23082A1F802300A539D5 /* Release */ = {
			isa = XCBuildConfiguration;
			buildSettings = {
				ALWAYS_SEARCH_USER_PATHS = NO;
				CLANG_ANALYZER_NONNULL = YES;
				CLANG_ANALYZER_NUMBER_OBJECT_CONVERSION = YES_AGGRESSIVE;
				CLANG_CXX_LANGUAGE_STANDARD = "gnu++20";
				CLANG_ENABLE_MODULES = YES;
				CLANG_ENABLE_OBJC_ARC = YES;
				CLANG_ENABLE_OBJC_WEAK = YES;
				CLANG_WARN_BLOCK_CAPTURE_AUTORELEASING = YES;
				CLANG_WARN_BOOL_CONVERSION = YES;
				CLANG_WARN_COMMA = YES;
				CLANG_WARN_CONSTANT_CONVERSION = YES;
				CLANG_WARN_DEPRECATED_OBJC_IMPLEMENTATIONS = YES;
				CLANG_WARN_DIRECT_OBJC_ISA_USAGE = YES_ERROR;
				CLANG_WARN_DOCUMENTATION_COMMENTS = YES;
				CLANG_WARN_EMPTY_BODY = YES;
				CLANG_WARN_ENUM_CONVERSION = YES;
				CLANG_WARN_INFINITE_RECURSION = YES;
				CLANG_WARN_INT_CONVERSION = YES;
				CLANG_WARN_NON_LITERAL_NULL_CONVERSION = YES;
				CLANG_WARN_OBJC_IMPLICIT_RETAIN_SELF = YES;
				CLANG_WARN_OBJC_LITERAL_CONVERSION = YES;
				CLANG_WARN_OBJC_ROOT_CLASS = YES_ERROR;
				CLANG_WARN_QUOTED_INCLUDE_IN_FRAMEWORK_HEADER = YES;
				CLANG_WARN_RANGE_LOOP_ANALYSIS = YES;
				CLANG_WARN_STRICT_PROTOTYPES = YES;
				CLANG_WARN_SUSPICIOUS_MOVE = YES;
				CLANG_WARN_UNGUARDED_AVAILABILITY = YES_AGGRESSIVE;
				CLANG_WARN_UNREACHABLE_CODE = YES;
				CLANG_WARN__DUPLICATE_METHOD_MATCH = YES;
				COPY_PHASE_STRIP = NO;
				DEBUG_INFORMATION_FORMAT = "dwarf-with-dsym";
				ENABLE_NS_ASSERTIONS = NO;
				ENABLE_STRICT_OBJC_MSGSEND = YES;
				GCC_C_LANGUAGE_STANDARD = gnu11;
				GCC_NO_COMMON_BLOCKS = YES;
				GCC_WARN_64_TO_32_BIT_CONVERSION = YES;
				GCC_WARN_ABOUT_RETURN_TYPE = YES_ERROR;
				GCC_WARN_UNDECLARED_SELECTOR = YES;
				GCC_WARN_UNINITIALIZED_AUTOS = YES_AGGRESSIVE;
				GCC_WARN_UNUSED_FUNCTION = YES;
				GCC_WARN_UNUSED_VARIABLE = YES;
				IPHONEOS_DEPLOYMENT_TARGET = 14.0;
				MTL_ENABLE_DEBUG_INFO = NO;
				MTL_FAST_MATH = YES;
				SDKROOT = iphoneos;
				SWIFT_COMPILATION_MODE = wholemodule;
				SWIFT_OPTIMIZATION_LEVEL = "-O";
				VALIDATE_PRODUCT = YES;
			};
			name = Release;
		};
		BA9E230A2A1F802300A539D5 /* Debug */ = {
			isa = XCBuildConfiguration;
			buildSettings = {
				ASSETCATALOG_COMPILER_APPICON_NAME = AppIcon;
				ASSETCATALOG_COMPILER_GLOBAL_ACCENT_COLOR_NAME = AccentColor;
				CODE_SIGN_STYLE = Automatic;
				CURRENT_PROJECT_VERSION = 1;
				DEVELOPMENT_TEAM = P7PUGAUP8K;
				GENERATE_INFOPLIST_FILE = YES;
				INFOPLIST_FILE = RIBs_Example01/Info.plist;
				INFOPLIST_KEY_UIApplicationSupportsIndirectInputEvents = YES;
				INFOPLIST_KEY_UILaunchStoryboardName = LaunchScreen;
				INFOPLIST_KEY_UIMainStoryboardFile = Main;
				INFOPLIST_KEY_UISupportedInterfaceOrientations_iPad = "UIInterfaceOrientationPortrait UIInterfaceOrientationPortraitUpsideDown UIInterfaceOrientationLandscapeLeft UIInterfaceOrientationLandscapeRight";
				INFOPLIST_KEY_UISupportedInterfaceOrientations_iPhone = "UIInterfaceOrientationPortrait UIInterfaceOrientationLandscapeLeft UIInterfaceOrientationLandscapeRight";
				IPHONEOS_DEPLOYMENT_TARGET = 14.0;
				LD_RUNPATH_SEARCH_PATHS = (
					"$(inherited)",
					"@executable_path/Frameworks",
				);
				MARKETING_VERSION = 1.0;
				PRODUCT_BUNDLE_IDENTIFIER = "kakotocs.RIBs-Example01";
				PRODUCT_NAME = "$(TARGET_NAME)";
				SWIFT_EMIT_LOC_STRINGS = YES;
				SWIFT_VERSION = 5.0;
				TARGETED_DEVICE_FAMILY = "1,2";
			};
			name = Debug;
		};
		BA9E230B2A1F802300A539D5 /* Release */ = {
			isa = XCBuildConfiguration;
			buildSettings = {
				ASSETCATALOG_COMPILER_APPICON_NAME = AppIcon;
				ASSETCATALOG_COMPILER_GLOBAL_ACCENT_COLOR_NAME = AccentColor;
				CODE_SIGN_STYLE = Automatic;
				CURRENT_PROJECT_VERSION = 1;
				DEVELOPMENT_TEAM = P7PUGAUP8K;
				GENERATE_INFOPLIST_FILE = YES;
				INFOPLIST_FILE = RIBs_Example01/Info.plist;
				INFOPLIST_KEY_UIApplicationSupportsIndirectInputEvents = YES;
				INFOPLIST_KEY_UILaunchStoryboardName = LaunchScreen;
				INFOPLIST_KEY_UIMainStoryboardFile = Main;
				INFOPLIST_KEY_UISupportedInterfaceOrientations_iPad = "UIInterfaceOrientationPortrait UIInterfaceOrientationPortraitUpsideDown UIInterfaceOrientationLandscapeLeft UIInterfaceOrientationLandscapeRight";
				INFOPLIST_KEY_UISupportedInterfaceOrientations_iPhone = "UIInterfaceOrientationPortrait UIInterfaceOrientationLandscapeLeft UIInterfaceOrientationLandscapeRight";
				IPHONEOS_DEPLOYMENT_TARGET = 14.0;
				LD_RUNPATH_SEARCH_PATHS = (
					"$(inherited)",
					"@executable_path/Frameworks",
				);
				MARKETING_VERSION = 1.0;
				PRODUCT_BUNDLE_IDENTIFIER = "kakotocs.RIBs-Example01";
				PRODUCT_NAME = "$(TARGET_NAME)";
				SWIFT_EMIT_LOC_STRINGS = YES;
				SWIFT_VERSION = 5.0;
				TARGETED_DEVICE_FAMILY = "1,2";
			};
			name = Release;
		};
/* End XCBuildConfiguration section */

/* Begin XCConfigurationList section */
		BA9E22F02A1F802200A539D5 /* Build configuration list for PBXProject "RIBs_Example01" */ = {
			isa = XCConfigurationList;
			buildConfigurations = (
				BA9E23072A1F802300A539D5 /* Debug */,
				BA9E23082A1F802300A539D5 /* Release */,
			);
			defaultConfigurationIsVisible = 0;
			defaultConfigurationName = Release;
		};
		BA9E23092A1F802300A539D5 /* Build configuration list for PBXNativeTarget "RIBs_Example01" */ = {
			isa = XCConfigurationList;
			buildConfigurations = (
				BA9E230A2A1F802300A539D5 /* Debug */,
				BA9E230B2A1F802300A539D5 /* Release */,
			);
			defaultConfigurationIsVisible = 0;
			defaultConfigurationName = Release;
		};
/* End XCConfigurationList section */

/* Begin XCRemoteSwiftPackageReference section */
		BA9E230C2A1F809E00A539D5 /* XCRemoteSwiftPackageReference "RIBs" */ = {
			isa = XCRemoteSwiftPackageReference;
			repositoryURL = "https://github.com/uber/RIBs.git";
			requirement = {
				kind = upToNextMajorVersion;
				minimumVersion = 0.9.2;
			};
		};
/* End XCRemoteSwiftPackageReference section */

/* Begin XCSwiftPackageProductDependency section */
		BA9E230D2A1F809E00A539D5 /* RIBs */ = {
			isa = XCSwiftPackageProductDependency;
			package = BA9E230C2A1F809E00A539D5 /* XCRemoteSwiftPackageReference "RIBs" */;
			productName = RIBs;
		};
/* End XCSwiftPackageProductDependency section */
	};
	rootObject = BA9E22ED2A1F802200A539D5 /* Project object */;
}
